bitbucket.org/neetsdkasu/mersenne_twister_go v1.2.0 h1:PjYZNaz8ZDiKLRTQ93zXSLQepPdEUakFFjTnkLzMYYM=
bitbucket.org/neetsdkasu/mersenne_twister_go v1.2.0/go.mod h1:lqK96q0OvnTrVpc+biqvqEP38VK6EZkhTTbf0NRNgOk=
github.com/gorilla/mux v1.8.0 h1:i40aqfkR1h2SlN9hojwV5ZA91wcXFOvkdNIeFDP5koI=
github.com/gorilla/mux v1.8.0/go.mod h1:DVbg23sWSpFRCP0SfiEN6jmj59UnW/n46BH5rLB71So=
github.com/io84team/jazzavatar-go v0.1.0 h1:Wu1vCrtCsyBRtVlm402EVHO6ovrm6gYHgHU/p+eyU9c=
github.com/io84team/jazzavatar-go v0.1.0/go.mod h1:dpoocR7x/TFL9nziLVFvi9F08vzjJe5ZQrlFKGCzFRY=
github.com/lucasb-eyer/go-colorful v1.2.0 h1:1nnpGOrhyZZuNyfu1QjKiUICQ74+3FNCN69Aj6K7nkY=
github.com/lucasb-eyer/go-colorful v1.2.0/go.mod h1:R4dSotOR9KMtayYi1e77YzuveK+i7ruzyGqttikkLy0=
